{
  "version": 4,
  "terraform_version": "1.12.2",
  "serial": 50,
  "lineage": "502b543c-bbe9-29cd-70d5-c8e28cc69b0c",
  "outputs": {
    "artifact_registry_location": {
      "value": "asia-southeast2",
      "type": "string"
    },
    "artifact_registry_repository": {
      "value": "medusa-dev",
      "type": "string"
    },
    "database_connection_string": {
      "value": "postgresql://medusa:PASSWORD@10.47.0.3:5432/medusa",
      "type": "string",
      "sensitive": true
    },
    "deployment_summary": {
      "value": {
        "artifact_registry": "medusa-dev",
        "environment": "dev",
        "gke_cluster_name": "medusa-dev-cluster",
        "load_balancer_ip": "35.244.143.157",
        "postgres_instance": "medusa-dev-postgres",
        "project_id": "medusa-dev-jkt",
        "redis_instance": "medusa-dev-redis",
        "region": "asia-southeast2",
        "storage_bucket": "medusa-dev-jkt-medusa-dev-uploads",
        "zone": "asia-southeast2-a"
      },
      "type": [
        "object",
        {
          "artifact_registry": "string",
          "environment": "string",
          "gke_cluster_name": "string",
          "load_balancer_ip": "string",
          "postgres_instance": "string",
          "project_id": "string",
          "redis_instance": "string",
          "region": "string",
          "storage_bucket": "string",
          "zone": "string"
        }
      ]
    },
    "docker_build_commands": {
      "value": [
        "# Configure Docker to use gcloud as a credential helper",
        "gcloud auth configure-docker asia-southeast2-docker.pkg.dev",
        "",
        "# Build the Docker image",
        "docker build -f Dockerfile.server -t asia-southeast2-docker.pkg.dev/medusa-dev-jkt/medusa-dev/medusa:latest .",
        "",
        "# Push the Docker image",
        "docker push asia-southeast2-docker.pkg.dev/medusa-dev-jkt/medusa-dev/medusa:latest"
      ],
      "type": [
        "tuple",
        [
          "string",
          "string",
          "string",
          "string",
          "string",
          "string",
          "string",
          "string"
        ]
      ]
    },
    "docker_repository_url": {
      "value": "asia-southeast2-docker.pkg.dev/medusa-dev-jkt/medusa-dev",
      "type": "string"
    },
    "gke_cluster_ca_certificate": {
      "value": "LS0tLS1CRUdJTiBDRVJUSUZJQ0FURS0tLS0tCk1JSUVMRENDQXBTZ0F3SUJBZ0lRYUVFT1JHZkg0K1IzZUdocnhVY2tTekFOQmdrcWhraUc5dzBCQVFzRkFEQXYKTVMwd0t3WURWUVFERXlRNE4yUXlOemMxWkMwNU5UWmxMVFJrTVdNdFlUUmlOaTB4TlRVek1EQmpNVEkyWVRjdwpJQmNOTWpVd056QTBNRFV5TVRVd1doZ1BNakExTlRBMk1qY3dOakl4TlRCYU1DOHhMVEFyQmdOVkJBTVRKRGczClpESTNOelZrTFRrMU5tVXROR1F4WXkxaE5HSTJMVEUxTlRNd01HTXhNalpoTnpDQ0FhSXdEUVlKS29aSWh2Y04KQVFFQkJRQURnZ0dQQURDQ0FZb0NnZ0dCQU5LYUZFZFBqeW5xY0h0SHQ1MHZSbzYyTnBQWTlBYmxRaHY1NFduYQpiQXViYzZuMllnc0dmYWJXaXBSbVU5OWVBK0trb1E5THRFODFFaUVIbHVvU1J6Z2x4NmFRTkl3SEY3S1U5U202CldpMnhVM2I2c0EwK3lsdXNUbnJVTlFYQVhrWGsxazNER0RGeE10V2RMRDl6Ulc5bG5Db0NScUhnVUJKb2t6aCsKSTVXRHRsUXczTFRxeG04NjdGWXIvQnNVQ2t4ekxGTlRUL1lFZkVmeWhUNFFFa2x5NVQzNWkvOStPUUVhd3dzagpBL2dYY28zVCtXWmhWNTV0Z3k1WmZkbXUvcE9MME1XOWFHc3pxUVRFU3d2TFgrL0pKNERralhtQzJuSi84N1pGCk1ZdHdMS2JnS1RndUZoZmtrOWY4Y2t2Q3kvYWZ0bjVYL2p1OVBsVlN1ZXVwYjZQV3lmWFZHZ3ZOVjJueDBjNjYKYjNqa083MWZlSHVidFlFMm4vcTdBVjFlMEprbENUOHo5b1VkU2pkT2dLamtISzNpTkV2NGxleDMvMWlBOVlPVgpubVo4NjNhV2hnTEkvSWlqcXRiaFpHQ3k0SVhOSHBGcTZXWWdQR3ROVWEyT1JVZ2p1ME1HbW5RNEpzMDM0ajE3CjNJV1pBK0gwR2wxb3hJbGdlOE5VSkcvQjd3SURBUUFCbzBJd1FEQU9CZ05WSFE4QkFmOEVCQU1DQWdRd0R3WUQKVlIwVEFRSC9CQVV3QXdFQi96QWRCZ05WSFE0RUZnUVVyWEFyWXpzdXd4bGh6RlJuYjdEa2xLY2ZMdzR3RFFZSgpLb1pJaHZjTkFRRUxCUUFEZ2dHQkFERmVIVTdnMDFoL0JuODZTcDRqejB5Z1dXUURXQmoyYnZSMUdMZjJGTUhwCnNCdU9kR2pBSzFxSkVUaEJEbFNONUlsQ3hjTnZoUzBHa09FOTB2Nmh4UFE2WDFNOWExVFZiNUFFUytiVmRkUGIKZXF4NFlGRG4zMHNUZW9CUXQ3OFhqb0s1OC9hWitVNk5aVDhKc0lNcyt6dEZkUlE3WUozNEdBS0tuUTZqSWR0bAorZkhIdjNhdFYzcG42TkpZeklYYUIxOXgvNm9rNk5aSkhnWlljTUlLOUQzb2NUVitYMVdXaDlCQ1kyQ0dFaENnCjkxVmFXeHVuK0wzRXJOcEE4MjhpbWNoWktadGg5S1NmQXFZNS9hUzVYOTB0U0djNnVUM2xnUHNScGxiNHhiM2YKaStuUXFYMk8raTRCSnJueE1wbDBqdkdwd3IrTkgrcDB0aHJ0aVhPVVY2S2syWkJza0RpcTNWTkIyU3ZCYmhaVwovRU9XUm5Pd2IrUC9udWZTSkgybmgwUjJEWXp4WVVhd2tYV0EvbHE4YVUzbnY1c0VVNlh5aGZ0Uks3RnZ5dEpMCnd0UFN4S2Y2UHNhanN0WDc5L2swdHRJR0R6ZE10aVhiRjBRWENTaXA4TktsbnZoYmdoVDViZ3YxTmNXbE9uV2wKb0RkNGp5bXNvd2UzU2JtSE5EVjRUQT09Ci0tLS0tRU5EIENFUlRJRklDQVRFLS0tLS0K",
      "type": "string",
      "sensitive": true
    },
    "gke_cluster_endpoint": {
      "value": "34.101.92.0",
      "type": "string",
      "sensitive": true
    },
    "gke_cluster_name": {
      "value": "medusa-dev-cluster",
      "type": "string"
    },
    "gke_service_account_email": {
      "value": "medusa-dev-gke-sa@medusa-dev-jkt.iam.gserviceaccount.com",
      "type": "string"
    },
    "kubectl_config_command": {
      "value": "gcloud container clusters get-credentials medusa-dev-cluster --zone asia-southeast2-a --project medusa-dev-jkt",
      "type": "string"
    },
    "load_balancer_ip": {
      "value": "35.244.143.157",
      "type": "string"
    },
    "load_balancer_ip_name": {
      "value": "medusa-dev-lb-ip",
      "type": "string"
    },
    "postgres_connection_name": {
      "value": "medusa-dev-jkt:asia-southeast2:medusa-dev-postgres",
      "type": "string"
    },
    "postgres_database_name": {
      "value": "medusa",
      "type": "string"
    },
    "postgres_instance_name": {
      "value": "medusa-dev-postgres",
      "type": "string"
    },
    "postgres_private_ip": {
      "value": "10.47.0.3",
      "type": "string",
      "sensitive": true
    },
    "postgres_user_name": {
      "value": "medusa",
      "type": "string"
    },
    "project_id": {
      "value": "medusa-dev-jkt",
      "type": "string"
    },
    "redis_connection_string": {
      "value": "redis://10.170.213.147:6379",
      "type": "string",
      "sensitive": true
    },
    "redis_current_location_id": {
      "value": "asia-southeast2-a",
      "type": "string"
    },
    "redis_host": {
      "value": "10.170.213.147",
      "type": "string",
      "sensitive": true
    },
    "redis_instance_name": {
      "value": "medusa-dev-redis",
      "type": "string"
    },
    "redis_port": {
      "value": 6379,
      "type": "number"
    },
    "region": {
      "value": "asia-southeast2",
      "type": "string"
    },
    "secret_names": {
      "value": {
        "cookie-secret": "projects/355018728030/secrets/medusa-dev-cookie-secret",
        "database-url": "projects/355018728030/secrets/medusa-dev-database-url",
        "jwt-secret": "projects/355018728030/secrets/medusa-dev-jwt-secret",
        "redis-url": "projects/355018728030/secrets/medusa-dev-redis-url"
      },
      "type": [
        "object",
        {
          "cookie-secret": "string",
          "database-url": "string",
          "jwt-secret": "string",
          "redis-url": "string"
        }
      ]
    },
    "storage_bucket_name": {
      "value": "medusa-dev-jkt-medusa-dev-uploads",
      "type": "string"
    },
    "storage_bucket_url": {
      "value": "gs://medusa-dev-jkt-medusa-dev-uploads",
      "type": "string"
    },
    "subnet_ip_range": {
      "value": "10.0.0.0/24",
      "type": "string"
    },
    "subnet_name": {
      "value": "medusa-dev-subnet",
      "type": "string"
    },
    "vpc_id": {
      "value": "projects/medusa-dev-jkt/global/networks/medusa-dev-vpc",
      "type": "string"
    },
    "vpc_name": {
      "value": "medusa-dev-vpc",
      "type": "string"
    },
    "zone": {
      "value": "asia-southeast2-a",
      "type": "string"
    }
  },
  "resources": [
    {
      "mode": "managed",
      "type": "google_artifact_registry_repository",
      "name": "medusa_repo",
      "provider": "provider[\"registry.terraform.io/hashicorp/google\"]",
      "instances": [
        {
          "schema_version": 0,
          "attributes": {
            "cleanup_policies": [],
            "cleanup_policy_dry_run": false,
            "create_time": "2025-07-04T06:20:34.638258Z",
            "description": "Docker repository for Medusa application",
            "docker_config": [],
            "effective_labels": {
              "app": "medusa",
              "environment": "dev",
              "managed_by": "terraform"
            },
            "format": "DOCKER",
            "id": "projects/medusa-dev-jkt/locations/asia-southeast2/repositories/medusa-dev",
            "kms_key_name": "",
            "labels": {
              "app": "medusa",
              "environment": "dev",
              "managed_by": "terraform"
            },
            "location": "asia-southeast2",
            "maven_config": [],
            "mode": "STANDARD_REPOSITORY",
            "name": "medusa-dev",
            "project": "medusa-dev-jkt",
            "remote_repository_config": [],
            "repository_id": "medusa-dev",
            "terraform_labels": {
              "app": "medusa",
              "environment": "dev",
              "managed_by": "terraform"
            },
            "timeouts": null,
            "update_time": "2025-07-04T06:20:34.638258Z",
            "virtual_repository_config": []
          },
          "sensitive_attributes": [],
          "identity_schema_version": 0,
          "private": "eyJlMmJmYjczMC1lY2FhLTExZTYtOGY4OC0zNDM2M2JjN2M0YzAiOnsiY3JlYXRlIjoxMjAwMDAwMDAwMDAwLCJkZWxldGUiOjEyMDAwMDAwMDAwMDAsInVwZGF0ZSI6MTIwMDAwMDAwMDAwMH19",
          "dependencies": [
            "google_project_service.apis"
          ]
        }
      ]
    },
    {
      "mode": "managed",
      "type": "google_compute_firewall",
      "name": "medusa_firewall",
      "provider": "provider[\"registry.terraform.io/hashicorp/google\"]",
      "instances": [
        {
          "schema_version": 1,
          "attributes": {
            "allow": [
              {
                "ports": [
                  "80",
                  "443",
                  "9000"
                ],
                "protocol": "tcp"
              }
            ],
            "creation_timestamp": "2025-07-03T23:20:56.374-07:00",
            "deny": [],
            "description": "",
            "destination_ranges": [],
            "direction": "INGRESS",
            "disabled": false,
            "enable_logging": null,
            "id": "projects/medusa-dev-jkt/global/firewalls/medusa-dev-firewall",
            "log_config": [],
            "name": "medusa-dev-firewall",
            "network": "https://www.googleapis.com/compute/v1/projects/medusa-dev-jkt/global/networks/medusa-dev-vpc",
            "priority": 1000,
            "project": "medusa-dev-jkt",
            "self_link": "https://www.googleapis.com/compute/v1/projects/medusa-dev-jkt/global/firewalls/medusa-dev-firewall",
            "source_ranges": [
              "0.0.0.0/0"
            ],
            "source_service_accounts": [],
            "source_tags": [],
            "target_service_accounts": [],
            "target_tags": [
              "medusa-app"
            ],
            "timeouts": null
          },
          "sensitive_attributes": [],
          "identity_schema_version": 0,
          "private": "eyJlMmJmYjczMC1lY2FhLTExZTYtOGY4OC0zNDM2M2JjN2M0YzAiOnsiY3JlYXRlIjoxMjAwMDAwMDAwMDAwLCJkZWxldGUiOjEyMDAwMDAwMDAwMDAsInVwZGF0ZSI6MTIwMDAwMDAwMDAwMH0sInNjaGVtYV92ZXJzaW9uIjoiMSJ9",
          "dependencies": [
            "google_compute_network.medusa_vpc",
            "google_project_service.apis"
          ]
        }
      ]
    },
    {
      "mode": "managed",
      "type": "google_compute_global_address",
      "name": "medusa_lb_ip",
      "provider": "provider[\"registry.terraform.io/hashicorp/google\"]",
      "instances": [
        {
          "schema_version": 0,
          "attributes": {
            "address": "35.244.143.157",
            "address_type": "EXTERNAL",
            "creation_timestamp": "2025-07-03T23:20:13.827-07:00",
            "description": "",
            "effective_labels": {},
            "id": "projects/medusa-dev-jkt/global/addresses/medusa-dev-lb-ip",
            "ip_version": "",
            "label_fingerprint": "42WmSpB8rSM=",
            "labels": {},
            "name": "medusa-dev-lb-ip",
            "network": "",
            "prefix_length": 0,
            "project": "medusa-dev-jkt",
            "purpose": "",
            "self_link": "https://www.googleapis.com/compute/v1/projects/medusa-dev-jkt/global/addresses/medusa-dev-lb-ip",
            "terraform_labels": {},
            "timeouts": null
          },
          "sensitive_attributes": [],
          "identity_schema_version": 0,
          "private": "eyJlMmJmYjczMC1lY2FhLTExZTYtOGY4OC0zNDM2M2JjN2M0YzAiOnsiY3JlYXRlIjoxMjAwMDAwMDAwMDAwLCJkZWxldGUiOjEyMDAwMDAwMDAwMDAsInVwZGF0ZSI6MTIwMDAwMDAwMDAwMH19"
        }
      ]
    },
    {
      "mode": "managed",
      "type": "google_compute_global_address",
      "name": "private_ip_allocation",
      "provider": "provider[\"registry.terraform.io/hashicorp/google\"]",
      "instances": [
        {
          "schema_version": 0,
          "attributes": {
            "address": "10.47.0.0",
            "address_type": "INTERNAL",
            "creation_timestamp": "2025-07-03T23:20:56.464-07:00",
            "description": "",
            "effective_labels": {},
            "id": "projects/medusa-dev-jkt/global/addresses/medusa-dev-private-ip",
            "ip_version": "",
            "label_fingerprint": "42WmSpB8rSM=",
            "labels": {},
            "name": "medusa-dev-private-ip",
            "network": "https://www.googleapis.com/compute/v1/projects/medusa-dev-jkt/global/networks/medusa-dev-vpc",
            "prefix_length": 16,
            "project": "medusa-dev-jkt",
            "purpose": "VPC_PEERING",
            "self_link": "https://www.googleapis.com/compute/v1/projects/medusa-dev-jkt/global/addresses/medusa-dev-private-ip",
            "terraform_labels": {},
            "timeouts": null
          },
          "sensitive_attributes": [],
          "identity_schema_version": 0,
          "private": "eyJlMmJmYjczMC1lY2FhLTExZTYtOGY4OC0zNDM2M2JjN2M0YzAiOnsiY3JlYXRlIjoxMjAwMDAwMDAwMDAwLCJkZWxldGUiOjEyMDAwMDAwMDAwMDAsInVwZGF0ZSI6MTIwMDAwMDAwMDAwMH19",
          "dependencies": [
            "google_compute_network.medusa_vpc",
            "google_project_service.apis"
          ]
        }
      ]
    },
    {
      "mode": "managed",
      "type": "google_compute_network",
      "name": "medusa_vpc",
      "provider": "provider[\"registry.terraform.io/hashicorp/google\"]",
      "instances": [
        {
          "schema_version": 0,
          "attributes": {
            "auto_create_subnetworks": false,
            "delete_default_routes_on_create": false,
            "description": "",
            "enable_ula_internal_ipv6": false,
            "gateway_ipv4": "",
            "id": "projects/medusa-dev-jkt/global/networks/medusa-dev-vpc",
            "internal_ipv6_range": "",
            "mtu": 1460,
            "name": "medusa-dev-vpc",
            "network_firewall_policy_enforcement_order": "AFTER_CLASSIC_FIREWALL",
            "numeric_id": "2731911241286732873",
            "project": "medusa-dev-jkt",
            "routing_mode": "REGIONAL",
            "self_link": "https://www.googleapis.com/compute/v1/projects/medusa-dev-jkt/global/networks/medusa-dev-vpc",
            "timeouts": null
          },
          "sensitive_attributes": [],
          "identity_schema_version": 0,
          "private": "eyJlMmJmYjczMC1lY2FhLTExZTYtOGY4OC0zNDM2M2JjN2M0YzAiOnsiY3JlYXRlIjoxMjAwMDAwMDAwMDAwLCJkZWxldGUiOjEyMDAwMDAwMDAwMDAsInVwZGF0ZSI6MTIwMDAwMDAwMDAwMH19",
          "dependencies": [
            "google_project_service.apis"
          ]
        }
      ]
    },
    {
      "mode": "managed",
      "type": "google_compute_router",
      "name": "medusa_router",
      "provider": "provider[\"registry.terraform.io/hashicorp/google\"]",
      "instances": [
        {
          "schema_version": 0,
          "attributes": {
            "bgp": [],
            "creation_timestamp": "2025-07-03T23:20:59.248-07:00",
            "description": "",
            "encrypted_interconnect_router": false,
            "id": "projects/medusa-dev-jkt/regions/asia-southeast2/routers/medusa-dev-router",
            "name": "medusa-dev-router",
            "network": "https://www.googleapis.com/compute/v1/projects/medusa-dev-jkt/global/networks/medusa-dev-vpc",
            "project": "medusa-dev-jkt",
            "region": "asia-southeast2",
            "self_link": "https://www.googleapis.com/compute/v1/projects/medusa-dev-jkt/regions/asia-southeast2/routers/medusa-dev-router",
            "timeouts": null
          },
          "sensitive_attributes": [],
          "identity_schema_version": 0,
          "private": "eyJlMmJmYjczMC1lY2FhLTExZTYtOGY4OC0zNDM2M2JjN2M0YzAiOnsiY3JlYXRlIjoxMjAwMDAwMDAwMDAwLCJkZWxldGUiOjEyMDAwMDAwMDAwMDAsInVwZGF0ZSI6MTIwMDAwMDAwMDAwMH19",
          "dependencies": [
            "google_compute_network.medusa_vpc",
            "google_project_service.apis"
          ]
        }
      ]
    },
    {
      "mode": "managed",
      "type": "google_compute_router_nat",
      "name": "medusa_nat",
      "provider": "provider[\"registry.terraform.io/hashicorp/google\"]",
      "instances": [
        {
          "schema_version": 0,
          "attributes": {
            "auto_network_tier": "PREMIUM",
            "drain_nat_ips": [],
            "enable_dynamic_port_allocation": false,
            "enable_endpoint_independent_mapping": false,
            "endpoint_types": [
              "ENDPOINT_TYPE_VM"
            ],
            "icmp_idle_timeout_sec": 30,
            "id": "medusa-dev-jkt/asia-southeast2/medusa-dev-router/medusa-dev-nat",
            "log_config": [],
            "max_ports_per_vm": 0,
            "min_ports_per_vm": 0,
            "name": "medusa-dev-nat",
            "nat_ip_allocate_option": "AUTO_ONLY",
            "nat_ips": [],
            "project": "medusa-dev-jkt",
            "region": "asia-southeast2",
            "router": "medusa-dev-router",
            "rules": [],
            "source_subnetwork_ip_ranges_to_nat": "ALL_SUBNETWORKS_ALL_IP_RANGES",
            "subnetwork": [],
            "tcp_established_idle_timeout_sec": 1200,
            "tcp_time_wait_timeout_sec": 120,
            "tcp_transitory_idle_timeout_sec": 30,
            "timeouts": null,
            "udp_idle_timeout_sec": 30
          },
          "sensitive_attributes": [],
          "identity_schema_version": 0,
          "private": "eyJlMmJmYjczMC1lY2FhLTExZTYtOGY4OC0zNDM2M2JjN2M0YzAiOnsiY3JlYXRlIjoxMjAwMDAwMDAwMDAwLCJkZWxldGUiOjEyMDAwMDAwMDAwMDAsInVwZGF0ZSI6MTIwMDAwMDAwMDAwMH19",
          "dependencies": [
            "google_compute_network.medusa_vpc",
            "google_compute_router.medusa_router",
            "google_project_service.apis"
          ]
        }
      ]
    },
    {
      "mode": "managed",
      "type": "google_compute_subnetwork",
      "name": "medusa_subnet",
      "provider": "provider[\"registry.terraform.io/hashicorp/google\"]",
      "instances": [
        {
          "schema_version": 0,
          "attributes": {
            "creation_timestamp": "2025-07-03T23:21:02.731-07:00",
            "description": "",
            "external_ipv6_prefix": "",
            "fingerprint": null,
            "gateway_address": "10.0.0.1",
            "id": "projects/medusa-dev-jkt/regions/asia-southeast2/subnetworks/medusa-dev-subnet",
            "internal_ipv6_prefix": "",
            "ip_cidr_range": "10.0.0.0/24",
            "ipv6_access_type": "",
            "ipv6_cidr_range": "",
            "log_config": [],
            "name": "medusa-dev-subnet",
            "network": "https://www.googleapis.com/compute/v1/projects/medusa-dev-jkt/global/networks/medusa-dev-vpc",
            "private_ip_google_access": true,
            "private_ipv6_google_access": "DISABLE_GOOGLE_ACCESS",
            "project": "medusa-dev-jkt",
            "purpose": "PRIVATE",
            "region": "asia-southeast2",
            "role": "",
            "secondary_ip_range": [
              {
                "ip_cidr_range": "10.1.0.0/16",
                "range_name": "gke-pods"
              },
              {
                "ip_cidr_range": "10.2.0.0/16",
                "range_name": "gke-services"
              }
            ],
            "self_link": "https://www.googleapis.com/compute/v1/projects/medusa-dev-jkt/regions/asia-southeast2/subnetworks/medusa-dev-subnet",
            "send_secondary_ip_range_if_empty": null,
            "stack_type": "IPV4_ONLY",
            "timeouts": null
          },
          "sensitive_attributes": [],
          "identity_schema_version": 0,
          "private": "eyJlMmJmYjczMC1lY2FhLTExZTYtOGY4OC0zNDM2M2JjN2M0YzAiOnsiY3JlYXRlIjoxMjAwMDAwMDAwMDAwLCJkZWxldGUiOjEyMDAwMDAwMDAwMDAsInVwZGF0ZSI6MTIwMDAwMDAwMDAwMH19",
          "dependencies": [
            "google_compute_network.medusa_vpc",
            "google_project_service.apis"
          ]
        }
      ]
    },
    {
      "mode": "managed",
      "type": "google_container_cluster",
      "name": "medusa_cluster",
      "provider": "provider[\"registry.terraform.io/hashicorp/google\"]",
      "instances": [
        {
          "schema_version": 2,
          "attributes": {
            "addons_config": [
              {
                "cloudrun_config": [],
                "config_connector_config": [],
                "dns_cache_config": [],
                "gce_persistent_disk_csi_driver_config": [
                  {
                    "enabled": true
                  }
                ],
                "gcp_filestore_csi_driver_config": [],
                "gcs_fuse_csi_driver_config": [],
                "gke_backup_agent_config": [],
                "horizontal_pod_autoscaling": [
                  {
                    "disabled": false
                  }
                ],
                "http_load_balancing": [
                  {
                    "disabled": false
                  }
                ],
                "network_policy_config": [
                  {
                    "disabled": true
                  }
                ],
                "ray_operator_config": [],
                "stateful_ha_config": []
              }
            ],
            "allow_net_admin": null,
            "authenticator_groups_config": [],
            "binary_authorization": [
              {
                "enabled": false,
                "evaluation_mode": ""
              }
            ],
            "cluster_autoscaling": [
              {
                "auto_provisioning_defaults": [],
                "auto_provisioning_locations": [],
                "autoscaling_profile": "BALANCED",
                "enabled": false,
                "resource_limits": []
              }
            ],
            "cluster_ipv4_cidr": "10.1.0.0/16",
            "confidential_nodes": [],
            "cost_management_config": [],
            "database_encryption": [
              {
                "key_name": "",
                "state": "DECRYPTED"
              }
            ],
            "datapath_provider": "",
            "default_max_pods_per_node": 110,
            "default_snat_status": [
              {
                "disabled": false
              }
            ],
            "deletion_protection": true,
            "description": "",
            "dns_config": [],
            "enable_autopilot": false,
            "enable_cilium_clusterwide_network_policy": false,
            "enable_intranode_visibility": false,
            "enable_k8s_beta_apis": [],
            "enable_kubernetes_alpha": false,
            "enable_l4_ilb_subsetting": false,
            "enable_legacy_abac": false,
            "enable_multi_networking": false,
            "enable_shielded_nodes": true,
            "enable_tpu": false,
            "endpoint": "34.101.92.0",
            "fleet": [],
            "gateway_api_config": [],
            "id": "projects/medusa-dev-jkt/locations/asia-southeast2-a/clusters/medusa-dev-cluster",
            "identity_service_config": [],
            "initial_node_count": 1,
            "ip_allocation_policy": [
              {
                "additional_pod_ranges_config": [],
                "cluster_ipv4_cidr_block": "10.1.0.0/16",
                "cluster_secondary_range_name": "gke-pods",
                "pod_cidr_overprovision_config": [
                  {
                    "disabled": false
                  }
                ],
                "services_ipv4_cidr_block": "10.2.0.0/16",
                "services_secondary_range_name": "gke-services",
                "stack_type": "IPV4"
              }
            ],
            "label_fingerprint": "a9dc16a7",
            "location": "asia-southeast2-a",
            "logging_config": [
              {
                "enable_components": [
                  "SYSTEM_COMPONENTS",
                  "WORKLOADS"
                ]
              }
            ],
            "logging_service": "logging.googleapis.com/kubernetes",
            "maintenance_policy": [],
            "master_auth": [
              {
                "client_certificate": "",
                "client_certificate_config": [
                  {
                    "issue_client_certificate": false
                  }
                ],
                "client_key": "",
                "cluster_ca_certificate": "LS0tLS1CRUdJTiBDRVJUSUZJQ0FURS0tLS0tCk1JSUVMRENDQXBTZ0F3SUJBZ0lRYUVFT1JHZkg0K1IzZUdocnhVY2tTekFOQmdrcWhraUc5dzBCQVFzRkFEQXYKTVMwd0t3WURWUVFERXlRNE4yUXlOemMxWkMwNU5UWmxMVFJrTVdNdFlUUmlOaTB4TlRVek1EQmpNVEkyWVRjdwpJQmNOTWpVd056QTBNRFV5TVRVd1doZ1BNakExTlRBMk1qY3dOakl4TlRCYU1DOHhMVEFyQmdOVkJBTVRKRGczClpESTNOelZrTFRrMU5tVXROR1F4WXkxaE5HSTJMVEUxTlRNd01HTXhNalpoTnpDQ0FhSXdEUVlKS29aSWh2Y04KQVFFQkJRQURnZ0dQQURDQ0FZb0NnZ0dCQU5LYUZFZFBqeW5xY0h0SHQ1MHZSbzYyTnBQWTlBYmxRaHY1NFduYQpiQXViYzZuMllnc0dmYWJXaXBSbVU5OWVBK0trb1E5THRFODFFaUVIbHVvU1J6Z2x4NmFRTkl3SEY3S1U5U202CldpMnhVM2I2c0EwK3lsdXNUbnJVTlFYQVhrWGsxazNER0RGeE10V2RMRDl6Ulc5bG5Db0NScUhnVUJKb2t6aCsKSTVXRHRsUXczTFRxeG04NjdGWXIvQnNVQ2t4ekxGTlRUL1lFZkVmeWhUNFFFa2x5NVQzNWkvOStPUUVhd3dzagpBL2dYY28zVCtXWmhWNTV0Z3k1WmZkbXUvcE9MME1XOWFHc3pxUVRFU3d2TFgrL0pKNERralhtQzJuSi84N1pGCk1ZdHdMS2JnS1RndUZoZmtrOWY4Y2t2Q3kvYWZ0bjVYL2p1OVBsVlN1ZXVwYjZQV3lmWFZHZ3ZOVjJueDBjNjYKYjNqa083MWZlSHVidFlFMm4vcTdBVjFlMEprbENUOHo5b1VkU2pkT2dLamtISzNpTkV2NGxleDMvMWlBOVlPVgpubVo4NjNhV2hnTEkvSWlqcXRiaFpHQ3k0SVhOSHBGcTZXWWdQR3ROVWEyT1JVZ2p1ME1HbW5RNEpzMDM0ajE3CjNJV1pBK0gwR2wxb3hJbGdlOE5VSkcvQjd3SURBUUFCbzBJd1FEQU9CZ05WSFE4QkFmOEVCQU1DQWdRd0R3WUQKVlIwVEFRSC9CQVV3QXdFQi96QWRCZ05WSFE0RUZnUVVyWEFyWXpzdXd4bGh6RlJuYjdEa2xLY2ZMdzR3RFFZSgpLb1pJaHZjTkFRRUxCUUFEZ2dHQkFERmVIVTdnMDFoL0JuODZTcDRqejB5Z1dXUURXQmoyYnZSMUdMZjJGTUhwCnNCdU9kR2pBSzFxSkVUaEJEbFNONUlsQ3hjTnZoUzBHa09FOTB2Nmh4UFE2WDFNOWExVFZiNUFFUytiVmRkUGIKZXF4NFlGRG4zMHNUZW9CUXQ3OFhqb0s1OC9hWitVNk5aVDhKc0lNcyt6dEZkUlE3WUozNEdBS0tuUTZqSWR0bAorZkhIdjNhdFYzcG42TkpZeklYYUIxOXgvNm9rNk5aSkhnWlljTUlLOUQzb2NUVitYMVdXaDlCQ1kyQ0dFaENnCjkxVmFXeHVuK0wzRXJOcEE4MjhpbWNoWktadGg5S1NmQXFZNS9hUzVYOTB0U0djNnVUM2xnUHNScGxiNHhiM2YKaStuUXFYMk8raTRCSnJueE1wbDBqdkdwd3IrTkgrcDB0aHJ0aVhPVVY2S2syWkJza0RpcTNWTkIyU3ZCYmhaVwovRU9XUm5Pd2IrUC9udWZTSkgybmgwUjJEWXp4WVVhd2tYV0EvbHE4YVUzbnY1c0VVNlh5aGZ0Uks3RnZ5dEpMCnd0UFN4S2Y2UHNhanN0WDc5L2swdHRJR0R6ZE10aVhiRjBRWENTaXA4TktsbnZoYmdoVDViZ3YxTmNXbE9uV2wKb0RkNGp5bXNvd2UzU2JtSE5EVjRUQT09Ci0tLS0tRU5EIENFUlRJRklDQVRFLS0tLS0K"
              }
            ],
            "master_authorized_networks_config": [],
            "master_version": "1.32.4-gke.1415000",
            "mesh_certificates": [],
            "min_master_version": null,
            "monitoring_config": [
              {
                "advanced_datapath_observability_config": [
                  {
                    "enable_metrics": false,
                    "enable_relay": false,
                    "relay_mode": "DISABLED"
                  }
                ],
                "enable_components": [
                  "SYSTEM_COMPONENTS",
                  "DEPLOYMENT",
                  "STATEFULSET",
                  "JOBSET",
                  "STORAGE",
                  "HPA",
                  "POD",
                  "DAEMONSET",
                  "CADVISOR",
                  "KUBELET",
                  "DCGM"
                ],
                "managed_prometheus": [
                  {
                    "enabled": true
                  }
                ]
              }
            ],
            "monitoring_service": "monitoring.googleapis.com/kubernetes",
            "name": "medusa-dev-cluster",
            "network": "projects/medusa-dev-jkt/global/networks/medusa-dev-vpc",
            "network_policy": [
              {
                "enabled": false,
                "provider": "PROVIDER_UNSPECIFIED"
              }
            ],
            "networking_mode": "VPC_NATIVE",
            "node_config": [
              {
                "advanced_machine_features": [],
                "boot_disk_kms_key": "",
                "confidential_nodes": [],
                "containerd_config": [],
                "disk_size_gb": 100,
                "disk_type": "pd-balanced",
                "effective_taints": [],
                "enable_confidential_storage": false,
                "ephemeral_storage_local_ssd_config": [],
                "fast_socket": [],
                "gcfs_config": [],
                "guest_accelerator": [],
                "gvnic": [],
                "host_maintenance_policy": [],
                "image_type": "COS_CONTAINERD",
                "kubelet_config": [
                  {
                    "cpu_cfs_quota": false,
                    "cpu_cfs_quota_period": "",
                    "cpu_manager_policy": "",
                    "insecure_kubelet_readonly_port_enabled": "FALSE",
                    "pod_pids_limit": 0
                  }
                ],
                "labels": {
                  "app": "medusa",
                  "environment": "dev",
                  "managed_by": "terraform"
                },
                "linux_node_config": [],
                "local_nvme_ssd_block_config": [],
                "local_ssd_count": 0,
                "logging_variant": "DEFAULT",
                "machine_type": "e2-medium",
                "metadata": {
                  "disable-legacy-endpoints": "true"
                },
                "min_cpu_platform": "",
                "node_group": "",
                "oauth_scopes": [
                  "https://www.googleapis.com/auth/cloud-platform"
                ],
                "preemptible": true,
                "reservation_affinity": [],
                "resource_labels": {
                  "goog-gke-node-pool-provisioning-model": "spot"
                },
                "resource_manager_tags": {},
                "secondary_boot_disks": [],
                "service_account": "medusa-dev-gke-sa@medusa-dev-jkt.iam.gserviceaccount.com",
                "shielded_instance_config": [
                  {
                    "enable_integrity_monitoring": true,
                    "enable_secure_boot": false
                  }
                ],
                "sole_tenant_config": [],
                "spot": false,
                "tags": [
                  "medusa-app"
                ],
                "taint": [],
                "workload_metadata_config": [
                  {
                    "mode": "GKE_METADATA"
                  }
                ]
              }
            ],
            "node_locations": [],
            "node_pool": [
              {
                "autoscaling": [
                  {
                    "location_policy": "ANY",
                    "max_node_count": 5,
                    "min_node_count": 1,
                    "total_max_node_count": 0,
                    "total_min_node_count": 0
                  }
                ],
                "initial_node_count": 2,
                "instance_group_urls": [
                  "https://www.googleapis.com/compute/v1/projects/medusa-dev-jkt/zones/asia-southeast2-a/instanceGroupManagers/gke-medusa-dev-clust-medusa-dev-nodes-896e2a57-grp"
                ],
                "managed_instance_group_urls": [
                  "https://www.googleapis.com/compute/v1/projects/medusa-dev-jkt/zones/asia-southeast2-a/instanceGroups/gke-medusa-dev-clust-medusa-dev-nodes-896e2a57-grp"
                ],
                "management": [
                  {
                    "auto_repair": true,
                    "auto_upgrade": true
                  }
                ],
                "max_pods_per_node": 110,
                "name": "medusa-dev-nodes",
                "name_prefix": "",
                "network_config": [
                  {
                    "additional_node_network_configs": [],
                    "additional_pod_network_configs": [],
                    "create_pod_range": false,
                    "enable_private_nodes": true,
                    "network_performance_config": [],
                    "pod_cidr_overprovision_config": [],
                    "pod_ipv4_cidr_block": "10.1.0.0/16",
                    "pod_range": "gke-pods"
                  }
                ],
                "node_config": [
                  {
                    "advanced_machine_features": [],
                    "boot_disk_kms_key": "",
                    "confidential_nodes": [],
                    "containerd_config": [],
                    "disk_size_gb": 100,
                    "disk_type": "pd-balanced",
                    "effective_taints": [],
                    "enable_confidential_storage": false,
                    "ephemeral_storage_local_ssd_config": [],
                    "fast_socket": [],
                    "gcfs_config": [],
                    "guest_accelerator": [],
                    "gvnic": [],
                    "host_maintenance_policy": [],
                    "image_type": "COS_CONTAINERD",
                    "kubelet_config": [
                      {
                        "cpu_cfs_quota": false,
                        "cpu_cfs_quota_period": "",
                        "cpu_manager_policy": "",
                        "insecure_kubelet_readonly_port_enabled": "FALSE",
                        "pod_pids_limit": 0
                      }
                    ],
                    "labels": {
                      "app": "medusa",
                      "environment": "dev",
                      "managed_by": "terraform"
                    },
                    "linux_node_config": [],
                    "local_nvme_ssd_block_config": [],
                    "local_ssd_count": 0,
                    "logging_variant": "DEFAULT",
                    "machine_type": "e2-medium",
                    "metadata": {
                      "disable-legacy-endpoints": "true"
                    },
                    "min_cpu_platform": "",
                    "node_group": "",
                    "oauth_scopes": [
                      "https://www.googleapis.com/auth/cloud-platform"
                    ],
                    "preemptible": true,
                    "reservation_affinity": [],
                    "resource_labels": {
                      "goog-gke-node-pool-provisioning-model": "spot"
                    },
                    "resource_manager_tags": {},
                    "secondary_boot_disks": [],
                    "service_account": "medusa-dev-gke-sa@medusa-dev-jkt.iam.gserviceaccount.com",
                    "shielded_instance_config": [
                      {
                        "enable_integrity_monitoring": true,
                        "enable_secure_boot": false
                      }
                    ],
                    "sole_tenant_config": [],
                    "spot": false,
                    "tags": [
                      "medusa-app"
                    ],
                    "taint": [],
                    "workload_metadata_config": [
                      {
                        "mode": "GKE_METADATA"
                      }
                    ]
                  }
                ],
                "node_count": 2,
                "node_locations": [
                  "asia-southeast2-a"
                ],
                "placement_policy": [],
                "queued_provisioning": [],
                "upgrade_settings": [
                  {
                    "blue_green_settings": [],
                    "max_surge": 1,
                    "max_unavailable": 0,
                    "strategy": "SURGE"
                  }
                ],
                "version": "1.32.4-gke.1415000"
              }
            ],
            "node_pool_auto_config": [
              {
                "network_tags": [],
                "node_kubelet_config": [
                  {
                    "insecure_kubelet_readonly_port_enabled": "FALSE"
                  }
                ],
                "resource_manager_tags": {}
              }
            ],
            "node_pool_defaults": [
              {
                "node_config_defaults": [
                  {
                    "containerd_config": [],
                    "insecure_kubelet_readonly_port_enabled": "FALSE",
                    "logging_variant": "DEFAULT"
                  }
                ]
              }
            ],
            "node_version": "1.32.4-gke.1415000",
            "notification_config": [
              {
                "pubsub": [
                  {
                    "enabled": false,
                    "filter": [],
                    "topic": ""
                  }
                ]
              }
            ],
            "operation": null,
            "private_cluster_config": [
              {
                "enable_private_endpoint": false,
                "enable_private_nodes": true,
                "master_global_access_config": [
                  {
                    "enabled": false
                  }
                ],
                "master_ipv4_cidr_block": "10.3.0.0/28",
                "peering_name": "",
                "private_endpoint": "10.3.0.2",
                "private_endpoint_subnetwork": "",
                "public_endpoint": "34.101.92.0"
              }
            ],
            "private_ipv6_google_access": "",
            "project": "medusa-dev-jkt",
            "release_channel": [
              {
                "channel": "REGULAR"
              }
            ],
            "remove_default_node_pool": true,
            "resource_labels": {},
            "resource_usage_export_config": [],
            "security_posture_config": [
              {
                "mode": "BASIC",
                "vulnerability_mode": "VULNERABILITY_MODE_UNSPECIFIED"
              }
            ],
            "self_link": "https://container.googleapis.com/v1/projects/medusa-dev-jkt/zones/asia-southeast2-a/clusters/medusa-dev-cluster",
            "service_external_ips_config": [
              {
                "enabled": false
              }
            ],
            "services_ipv4_cidr": "10.2.0.0/16",
            "subnetwork": "projects/medusa-dev-jkt/regions/asia-southeast2/subnetworks/medusa-dev-subnet",
            "timeouts": null,
            "tpu_ipv4_cidr_block": "",
            "vertical_pod_autoscaling": [],
            "workload_identity_config": [
              {
                "workload_pool": "medusa-dev-jkt.svc.id.goog"
              }
            ]
          },
          "sensitive_attributes": [
            [
              {
                "type": "get_attr",
                "value": "master_auth"
              },
              {
                "type": "index",
                "value": {
                  "value": 0,
                  "type": "number"
                }
              },
              {
                "type": "get_attr",
                "value": "client_key"
              }
            ]
          ],
          "identity_schema_version": 0,
          "private": "eyJlMmJmYjczMC1lY2FhLTExZTYtOGY4OC0zNDM2M2JjN2M0YzAiOnsiY3JlYXRlIjoyNDAwMDAwMDAwMDAwLCJkZWxldGUiOjI0MDAwMDAwMDAwMDAsInJlYWQiOjI0MDAwMDAwMDAwMDAsInVwZGF0ZSI6MzYwMDAwMDAwMDAwMH0sInNjaGVtYV92ZXJzaW9uIjoiMiJ9",
          "dependencies": [
            "google_compute_network.medusa_vpc",
            "google_compute_subnetwork.medusa_subnet",
            "google_project_service.apis"
          ]
        }
      ]
    },
    {
      "mode": "managed",
      "type": "google_container_node_pool",
      "name": "medusa_nodes",
      "provider": "provider[\"registry.terraform.io/hashicorp/google\"]",
      "instances": [
        {
          "schema_version": 1,
          "attributes": {
            "autoscaling": [
              {
                "location_policy": "ANY",
                "max_node_count": 5,
                "min_node_count": 1,
                "total_max_node_count": 0,
                "total_min_node_count": 0
              }
            ],
            "cluster": "medusa-dev-cluster",
            "id": "projects/medusa-dev-jkt/locations/asia-southeast2-a/clusters/medusa-dev-cluster/nodePools/medusa-dev-nodes",
            "initial_node_count": 2,
            "instance_group_urls": [
              "https://www.googleapis.com/compute/v1/projects/medusa-dev-jkt/zones/asia-southeast2-a/instanceGroupManagers/gke-medusa-dev-clust-medusa-dev-nodes-896e2a57-grp"
            ],
            "location": "asia-southeast2-a",
            "managed_instance_group_urls": [
              "https://www.googleapis.com/compute/v1/projects/medusa-dev-jkt/zones/asia-southeast2-a/instanceGroups/gke-medusa-dev-clust-medusa-dev-nodes-896e2a57-grp"
            ],
            "management": [
              {
                "auto_repair": true,
                "auto_upgrade": true
              }
            ],
            "max_pods_per_node": 110,
            "name": "medusa-dev-nodes",
            "name_prefix": "",
            "network_config": [
              {
                "additional_node_network_configs": [],
                "additional_pod_network_configs": [],
                "create_pod_range": false,
                "enable_private_nodes": true,
                "network_performance_config": [],
                "pod_cidr_overprovision_config": [],
                "pod_ipv4_cidr_block": "10.1.0.0/16",
                "pod_range": "gke-pods"
              }
            ],
            "node_config": [
              {
                "advanced_machine_features": [],
                "boot_disk_kms_key": "",
                "confidential_nodes": [],
                "containerd_config": [],
                "disk_size_gb": 100,
                "disk_type": "pd-balanced",
                "effective_taints": [],
                "enable_confidential_storage": false,
                "ephemeral_storage_local_ssd_config": [],
                "fast_socket": [],
                "gcfs_config": [],
                "guest_accelerator": [],
                "gvnic": [],
                "host_maintenance_policy": [],
                "image_type": "COS_CONTAINERD",
                "kubelet_config": [
                  {
                    "cpu_cfs_quota": false,
                    "cpu_cfs_quota_period": "",
                    "cpu_manager_policy": "",
                    "insecure_kubelet_readonly_port_enabled": "FALSE",
                    "pod_pids_limit": 0
                  }
                ],
                "labels": {
                  "app": "medusa",
                  "environment": "dev",
                  "managed_by": "terraform"
                },
                "linux_node_config": [],
                "local_nvme_ssd_block_config": [],
                "local_ssd_count": 0,
                "logging_variant": "DEFAULT",
                "machine_type": "e2-medium",
                "metadata": {
                  "disable-legacy-endpoints": "true"
                },
                "min_cpu_platform": "",
                "node_group": "",
                "oauth_scopes": [
                  "https://www.googleapis.com/auth/cloud-platform"
                ],
                "preemptible": true,
                "reservation_affinity": [],
                "resource_labels": {
                  "goog-gke-node-pool-provisioning-model": "spot"
                },
                "resource_manager_tags": {},
                "secondary_boot_disks": [],
                "service_account": "medusa-dev-gke-sa@medusa-dev-jkt.iam.gserviceaccount.com",
                "shielded_instance_config": [
                  {
                    "enable_integrity_monitoring": true,
                    "enable_secure_boot": false
                  }
                ],
                "sole_tenant_config": [],
                "spot": false,
                "tags": [
                  "medusa-app"
                ],
                "taint": [],
                "workload_metadata_config": [
                  {
                    "mode": "GKE_METADATA"
                  }
                ]
              }
            ],
            "node_count": 2,
            "node_locations": [
              "asia-southeast2-a"
            ],
            "operation": null,
            "placement_policy": [],
            "project": "medusa-dev-jkt",
            "queued_provisioning": [],
            "timeouts": null,
            "upgrade_settings": [
              {
                "blue_green_settings": [],
                "max_surge": 1,
                "max_unavailable": 0,
                "strategy": "SURGE"
              }
            ],
            "version": "1.32.4-gke.1415000"
          },
          "sensitive_attributes": [],
          "identity_schema_version": 0,
          "private": "eyJlMmJmYjczMC1lY2FhLTExZTYtOGY4OC0zNDM2M2JjN2M0YzAiOnsiY3JlYXRlIjoxODAwMDAwMDAwMDAwLCJkZWxldGUiOjE4MDAwMDAwMDAwMDAsInVwZGF0ZSI6MTgwMDAwMDAwMDAwMH0sInNjaGVtYV92ZXJzaW9uIjoiMSJ9",
          "dependencies": [
            "google_compute_network.medusa_vpc",
            "google_compute_subnetwork.medusa_subnet",
            "google_container_cluster.medusa_cluster",
            "google_project_service.apis",
            "google_service_account.gke_node_sa"
          ]
        }
      ]
    },
    {
      "mode": "managed",
      "type": "google_project_iam_member",
      "name": "gke_node_sa_roles",
      "provider": "provider[\"registry.terraform.io/hashicorp/google\"]",
      "instances": [
        {
          "index_key": "roles/logging.logWriter",
          "schema_version": 0,
          "attributes": {
            "condition": [],
            "etag": "BwY5FLzy5Ik=",
            "id": "medusa-dev-jkt/roles/logging.logWriter/serviceAccount:medusa-dev-gke-sa@medusa-dev-jkt.iam.gserviceaccount.com",
            "member": "serviceAccount:medusa-dev-gke-sa@medusa-dev-jkt.iam.gserviceaccount.com",
            "project": "medusa-dev-jkt",
            "role": "roles/logging.logWriter"
          },
          "sensitive_attributes": [],
          "identity_schema_version": 0,
          "private": "bnVsbA==",
          "dependencies": [
            "google_service_account.gke_node_sa"
          ]
        },
        {
          "index_key": "roles/monitoring.metricWriter",
          "schema_version": 0,
          "attributes": {
            "condition": [],
            "etag": "BwY5FLzy5Ik=",
            "id": "medusa-dev-jkt/roles/monitoring.metricWriter/serviceAccount:medusa-dev-gke-sa@medusa-dev-jkt.iam.gserviceaccount.com",
            "member": "serviceAccount:medusa-dev-gke-sa@medusa-dev-jkt.iam.gserviceaccount.com",
            "project": "medusa-dev-jkt",
            "role": "roles/monitoring.metricWriter"
          },
          "sensitive_attributes": [],
          "identity_schema_version": 0,
          "private": "bnVsbA==",
          "dependencies": [
            "google_service_account.gke_node_sa"
          ]
        },
        {
          "index_key": "roles/monitoring.viewer",
          "schema_version": 0,
          "attributes": {
            "condition": [],
            "etag": "BwY5FLzy5Ik=",
            "id": "medusa-dev-jkt/roles/monitoring.viewer/serviceAccount:medusa-dev-gke-sa@medusa-dev-jkt.iam.gserviceaccount.com",
            "member": "serviceAccount:medusa-dev-gke-sa@medusa-dev-jkt.iam.gserviceaccount.com",
            "project": "medusa-dev-jkt",
            "role": "roles/monitoring.viewer"
          },
          "sensitive_attributes": [],
          "identity_schema_version": 0,
          "private": "bnVsbA==",
          "dependencies": [
            "google_service_account.gke_node_sa"
          ]
        },
        {
          "index_key": "roles/storage.objectViewer",
          "schema_version": 0,
          "attributes": {
            "condition": [],
            "etag": "BwY5FLzy5Ik=",
            "id": "medusa-dev-jkt/roles/storage.objectViewer/serviceAccount:medusa-dev-gke-sa@medusa-dev-jkt.iam.gserviceaccount.com",
            "member": "serviceAccount:medusa-dev-gke-sa@medusa-dev-jkt.iam.gserviceaccount.com",
            "project": "medusa-dev-jkt",
            "role": "roles/storage.objectViewer"
          },
          "sensitive_attributes": [],
          "identity_schema_version": 0,
          "private": "bnVsbA==",
          "dependencies": [
            "google_service_account.gke_node_sa"
          ]
        }
      ]
    },
    {
      "mode": "managed",
      "type": "google_project_service",
      "name": "apis",
      "provider": "provider[\"registry.terraform.io/hashicorp/google\"]",
      "instances": [
        {
          "index_key": "artifactregistry.googleapis.com",
          "schema_version": 0,
          "attributes": {
            "disable_dependent_services": false,
            "disable_on_destroy": false,
            "id": "medusa-dev-jkt/artifactregistry.googleapis.com",
            "project": "medusa-dev-jkt",
            "service": "artifactregistry.googleapis.com",
            "timeouts": null
          },
          "sensitive_attributes": [],
          "identity_schema_version": 0,
          "private": "eyJlMmJmYjczMC1lY2FhLTExZTYtOGY4OC0zNDM2M2JjN2M0YzAiOnsiY3JlYXRlIjoxMjAwMDAwMDAwMDAwLCJkZWxldGUiOjEyMDAwMDAwMDAwMDAsInJlYWQiOjYwMDAwMDAwMDAwMCwidXBkYXRlIjoxMjAwMDAwMDAwMDAwfX0="
        },
        {
          "index_key": "cloudbuild.googleapis.com",
          "schema_version": 0,
          "attributes": {
            "disable_dependent_services": false,
            "disable_on_destroy": false,
            "id": "medusa-dev-jkt/cloudbuild.googleapis.com",
            "project": "medusa-dev-jkt",
            "service": "cloudbuild.googleapis.com",
            "timeouts": null
          },
          "sensitive_attributes": [],
          "identity_schema_version": 0,
          "private": "eyJlMmJmYjczMC1lY2FhLTExZTYtOGY4OC0zNDM2M2JjN2M0YzAiOnsiY3JlYXRlIjoxMjAwMDAwMDAwMDAwLCJkZWxldGUiOjEyMDAwMDAwMDAwMDAsInJlYWQiOjYwMDAwMDAwMDAwMCwidXBkYXRlIjoxMjAwMDAwMDAwMDAwfX0="
        },
        {
          "index_key": "cloudresourcemanager.googleapis.com",
          "schema_version": 0,
          "attributes": {
            "disable_dependent_services": false,
            "disable_on_destroy": false,
            "id": "medusa-dev-jkt/cloudresourcemanager.googleapis.com",
            "project": "medusa-dev-jkt",
            "service": "cloudresourcemanager.googleapis.com",
            "timeouts": null
          },
          "sensitive_attributes": [],
          "identity_schema_version": 0,
          "private": "eyJlMmJmYjczMC1lY2FhLTExZTYtOGY4OC0zNDM2M2JjN2M0YzAiOnsiY3JlYXRlIjoxMjAwMDAwMDAwMDAwLCJkZWxldGUiOjEyMDAwMDAwMDAwMDAsInJlYWQiOjYwMDAwMDAwMDAwMCwidXBkYXRlIjoxMjAwMDAwMDAwMDAwfX0="
        },
        {
          "index_key": "compute.googleapis.com",
          "schema_version": 0,
          "attributes": {
            "disable_dependent_services": false,
            "disable_on_destroy": false,
            "id": "medusa-dev-jkt/compute.googleapis.com",
            "project": "medusa-dev-jkt",
            "service": "compute.googleapis.com",
            "timeouts": null
          },
          "sensitive_attributes": [],
          "identity_schema_version": 0,
          "private": "eyJlMmJmYjczMC1lY2FhLTExZTYtOGY4OC0zNDM2M2JjN2M0YzAiOnsiY3JlYXRlIjoxMjAwMDAwMDAwMDAwLCJkZWxldGUiOjEyMDAwMDAwMDAwMDAsInJlYWQiOjYwMDAwMDAwMDAwMCwidXBkYXRlIjoxMjAwMDAwMDAwMDAwfX0="
        },
        {
          "index_key": "container.googleapis.com",
          "schema_version": 0,
          "attributes": {
            "disable_dependent_services": false,
            "disable_on_destroy": false,
            "id": "medusa-dev-jkt/container.googleapis.com",
            "project": "medusa-dev-jkt",
            "service": "container.googleapis.com",
            "timeouts": null
          },
          "sensitive_attributes": [],
          "identity_schema_version": 0,
          "private": "eyJlMmJmYjczMC1lY2FhLTExZTYtOGY4OC0zNDM2M2JjN2M0YzAiOnsiY3JlYXRlIjoxMjAwMDAwMDAwMDAwLCJkZWxldGUiOjEyMDAwMDAwMDAwMDAsInJlYWQiOjYwMDAwMDAwMDAwMCwidXBkYXRlIjoxMjAwMDAwMDAwMDAwfX0="
        },
        {
          "index_key": "iam.googleapis.com",
          "schema_version": 0,
          "attributes": {
            "disable_dependent_services": false,
            "disable_on_destroy": false,
            "id": "medusa-dev-jkt/iam.googleapis.com",
            "project": "medusa-dev-jkt",
            "service": "iam.googleapis.com",
            "timeouts": null
          },
          "sensitive_attributes": [],
          "identity_schema_version": 0,
          "private": "eyJlMmJmYjczMC1lY2FhLTExZTYtOGY4OC0zNDM2M2JjN2M0YzAiOnsiY3JlYXRlIjoxMjAwMDAwMDAwMDAwLCJkZWxldGUiOjEyMDAwMDAwMDAwMDAsInJlYWQiOjYwMDAwMDAwMDAwMCwidXBkYXRlIjoxMjAwMDAwMDAwMDAwfX0="
        },
        {
          "index_key": "logging.googleapis.com",
          "schema_version": 0,
          "attributes": {
            "disable_dependent_services": false,
            "disable_on_destroy": false,
            "id": "medusa-dev-jkt/logging.googleapis.com",
            "project": "medusa-dev-jkt",
            "service": "logging.googleapis.com",
            "timeouts": null
          },
          "sensitive_attributes": [],
          "identity_schema_version": 0,
          "private": "eyJlMmJmYjczMC1lY2FhLTExZTYtOGY4OC0zNDM2M2JjN2M0YzAiOnsiY3JlYXRlIjoxMjAwMDAwMDAwMDAwLCJkZWxldGUiOjEyMDAwMDAwMDAwMDAsInJlYWQiOjYwMDAwMDAwMDAwMCwidXBkYXRlIjoxMjAwMDAwMDAwMDAwfX0="
        },
        {
          "index_key": "monitoring.googleapis.com",
          "schema_version": 0,
          "attributes": {
            "disable_dependent_services": false,
            "disable_on_destroy": false,
            "id": "medusa-dev-jkt/monitoring.googleapis.com",
            "project": "medusa-dev-jkt",
            "service": "monitoring.googleapis.com",
            "timeouts": null
          },
          "sensitive_attributes": [],
          "identity_schema_version": 0,
          "private": "eyJlMmJmYjczMC1lY2FhLTExZTYtOGY4OC0zNDM2M2JjN2M0YzAiOnsiY3JlYXRlIjoxMjAwMDAwMDAwMDAwLCJkZWxldGUiOjEyMDAwMDAwMDAwMDAsInJlYWQiOjYwMDAwMDAwMDAwMCwidXBkYXRlIjoxMjAwMDAwMDAwMDAwfX0="
        },
        {
          "index_key": "redis.googleapis.com",
          "schema_version": 0,
          "attributes": {
            "disable_dependent_services": false,
            "disable_on_destroy": false,
            "id": "medusa-dev-jkt/redis.googleapis.com",
            "project": "medusa-dev-jkt",
            "service": "redis.googleapis.com",
            "timeouts": null
          },
          "sensitive_attributes": [],
          "identity_schema_version": 0,
          "private": "eyJlMmJmYjczMC1lY2FhLTExZTYtOGY4OC0zNDM2M2JjN2M0YzAiOnsiY3JlYXRlIjoxMjAwMDAwMDAwMDAwLCJkZWxldGUiOjEyMDAwMDAwMDAwMDAsInJlYWQiOjYwMDAwMDAwMDAwMCwidXBkYXRlIjoxMjAwMDAwMDAwMDAwfX0="
        },
        {
          "index_key": "secretmanager.googleapis.com",
          "schema_version": 0,
          "attributes": {
            "disable_dependent_services": false,
            "disable_on_destroy": false,
            "id": "medusa-dev-jkt/secretmanager.googleapis.com",
            "project": "medusa-dev-jkt",
            "service": "secretmanager.googleapis.com",
            "timeouts": null
          },
          "sensitive_attributes": [],
          "identity_schema_version": 0,
          "private": "eyJlMmJmYjczMC1lY2FhLTExZTYtOGY4OC0zNDM2M2JjN2M0YzAiOnsiY3JlYXRlIjoxMjAwMDAwMDAwMDAwLCJkZWxldGUiOjEyMDAwMDAwMDAwMDAsInJlYWQiOjYwMDAwMDAwMDAwMCwidXBkYXRlIjoxMjAwMDAwMDAwMDAwfX0="
        },
        {
          "index_key": "servicenetworking.googleapis.com",
          "schema_version": 0,
          "attributes": {
            "disable_dependent_services": false,
            "disable_on_destroy": false,
            "id": "medusa-dev-jkt/servicenetworking.googleapis.com",
            "project": "medusa-dev-jkt",
            "service": "servicenetworking.googleapis.com",
            "timeouts": null
          },
          "sensitive_attributes": [],
          "identity_schema_version": 0,
          "private": "eyJlMmJmYjczMC1lY2FhLTExZTYtOGY4OC0zNDM2M2JjN2M0YzAiOnsiY3JlYXRlIjoxMjAwMDAwMDAwMDAwLCJkZWxldGUiOjEyMDAwMDAwMDAwMDAsInJlYWQiOjYwMDAwMDAwMDAwMCwidXBkYXRlIjoxMjAwMDAwMDAwMDAwfX0="
        },
        {
          "index_key": "sql-component.googleapis.com",
          "schema_version": 0,
          "attributes": {
            "disable_dependent_services": false,
            "disable_on_destroy": false,
            "id": "medusa-dev-jkt/sql-component.googleapis.com",
            "project": "medusa-dev-jkt",
            "service": "sql-component.googleapis.com",
            "timeouts": null
          },
          "sensitive_attributes": [],
          "identity_schema_version": 0,
          "private": "eyJlMmJmYjczMC1lY2FhLTExZTYtOGY4OC0zNDM2M2JjN2M0YzAiOnsiY3JlYXRlIjoxMjAwMDAwMDAwMDAwLCJkZWxldGUiOjEyMDAwMDAwMDAwMDAsInJlYWQiOjYwMDAwMDAwMDAwMCwidXBkYXRlIjoxMjAwMDAwMDAwMDAwfX0="
        },
        {
          "index_key": "sqladmin.googleapis.com",
          "schema_version": 0,
          "attributes": {
            "disable_dependent_services": false,
            "disable_on_destroy": false,
            "id": "medusa-dev-jkt/sqladmin.googleapis.com",
            "project": "medusa-dev-jkt",
            "service": "sqladmin.googleapis.com",
            "timeouts": null
          },
          "sensitive_attributes": [],
          "identity_schema_version": 0,
          "private": "eyJlMmJmYjczMC1lY2FhLTExZTYtOGY4OC0zNDM2M2JjN2M0YzAiOnsiY3JlYXRlIjoxMjAwMDAwMDAwMDAwLCJkZWxldGUiOjEyMDAwMDAwMDAwMDAsInJlYWQiOjYwMDAwMDAwMDAwMCwidXBkYXRlIjoxMjAwMDAwMDAwMDAwfX0="
        },
        {
          "index_key": "storage-component.googleapis.com",
          "schema_version": 0,
          "attributes": {
            "disable_dependent_services": false,
            "disable_on_destroy": false,
            "id": "medusa-dev-jkt/storage-component.googleapis.com",
            "project": "medusa-dev-jkt",
            "service": "storage-component.googleapis.com",
            "timeouts": null
          },
          "sensitive_attributes": [],
          "identity_schema_version": 0,
          "private": "eyJlMmJmYjczMC1lY2FhLTExZTYtOGY4OC0zNDM2M2JjN2M0YzAiOnsiY3JlYXRlIjoxMjAwMDAwMDAwMDAwLCJkZWxldGUiOjEyMDAwMDAwMDAwMDAsInJlYWQiOjYwMDAwMDAwMDAwMCwidXBkYXRlIjoxMjAwMDAwMDAwMDAwfX0="
        },
        {
          "index_key": "storage.googleapis.com",
          "schema_version": 0,
          "attributes": {
            "disable_dependent_services": false,
            "disable_on_destroy": false,
            "id": "medusa-dev-jkt/storage.googleapis.com",
            "project": "medusa-dev-jkt",
            "service": "storage.googleapis.com",
            "timeouts": null
          },
          "sensitive_attributes": [],
          "identity_schema_version": 0,
          "private": "eyJlMmJmYjczMC1lY2FhLTExZTYtOGY4OC0zNDM2M2JjN2M0YzAiOnsiY3JlYXRlIjoxMjAwMDAwMDAwMDAwLCJkZWxldGUiOjEyMDAwMDAwMDAwMDAsInJlYWQiOjYwMDAwMDAwMDAwMCwidXBkYXRlIjoxMjAwMDAwMDAwMDAwfX0="
        }
      ]
    },
    {
      "mode": "managed",
      "type": "google_redis_instance",
      "name": "medusa_redis",
      "provider": "provider[\"registry.terraform.io/hashicorp/google\"]",
      "instances": [
        {
          "schema_version": 0,
          "attributes": {
            "alternative_location_id": "",
            "auth_enabled": false,
            "auth_string": "",
            "authorized_network": "projects/medusa-dev-jkt/global/networks/medusa-dev-vpc",
            "connect_mode": "DIRECT_PEERING",
            "create_time": "2025-07-04T06:38:10.435989670Z",
            "current_location_id": "asia-southeast2-a",
            "customer_managed_key": "",
            "display_name": "Medusa Redis Cache",
            "effective_labels": {
              "app": "medusa",
              "environment": "dev",
              "managed_by": "terraform"
            },
            "host": "10.170.213.147",
            "id": "projects/medusa-dev-jkt/locations/asia-southeast2/instances/medusa-dev-redis",
            "labels": {
              "app": "medusa",
              "environment": "dev",
              "managed_by": "terraform"
            },
            "location_id": "asia-southeast2-a",
            "maintenance_policy": [],
            "maintenance_schedule": [],
            "maintenance_version": "20241107_00_00",
            "memory_size_gb": 1,
            "name": "medusa-dev-redis",
            "nodes": [
              {
                "id": "node-0",
                "zone": "asia-southeast2-a"
              }
            ],
            "persistence_config": [
              {
                "persistence_mode": "DISABLED",
                "rdb_next_snapshot_time": "",
                "rdb_snapshot_period": "",
                "rdb_snapshot_start_time": ""
              }
            ],
            "persistence_iam_identity": "serviceAccount:service-355018728030@cloud-redis.iam.gserviceaccount.com",
            "port": 6379,
            "project": "medusa-dev-jkt",
            "read_endpoint": "",
            "read_endpoint_port": 0,
            "read_replicas_mode": "READ_REPLICAS_DISABLED",
            "redis_configs": {},
            "redis_version": "REDIS_7_0",
            "region": "asia-southeast2",
            "replica_count": 0,
            "reserved_ip_range": null,
            "secondary_ip_range": "",
            "server_ca_certs": [],
            "terraform_labels": {
              "app": "medusa",
              "environment": "dev",
              "managed_by": "terraform"
            },
            "tier": "BASIC",
            "timeouts": null,
            "transit_encryption_mode": "DISABLED"
          },
          "sensitive_attributes": [
            [
              {
                "type": "get_attr",
                "value": "auth_string"
              }
            ]
          ],
          "identity_schema_version": 0,
          "private": "eyJlMmJmYjczMC1lY2FhLTExZTYtOGY4OC0zNDM2M2JjN2M0YzAiOnsiY3JlYXRlIjoxMjAwMDAwMDAwMDAwLCJkZWxldGUiOjEyMDAwMDAwMDAwMDAsInVwZGF0ZSI6MTIwMDAwMDAwMDAwMH19",
          "dependencies": [
            "google_compute_network.medusa_vpc",
            "google_project_service.apis"
          ]
        }
      ]
    },
    {
      "mode": "managed",
      "type": "google_secret_manager_secret",
      "name": "medusa_secrets",
      "provider": "provider[\"registry.terraform.io/hashicorp/google\"]",
      "instances": [
        {
          "index_key": "cookie-secret",
          "schema_version": 0,
          "attributes": {
            "annotations": {},
            "create_time": "2025-07-04T06:20:22.080759Z",
            "effective_annotations": {},
            "effective_labels": {
              "app": "medusa",
              "environment": "dev",
              "managed_by": "terraform"
            },
            "expire_time": "",
            "id": "projects/medusa-dev-jkt/secrets/medusa-dev-cookie-secret",
            "labels": {
              "app": "medusa",
              "environment": "dev",
              "managed_by": "terraform"
            },
            "name": "projects/355018728030/secrets/medusa-dev-cookie-secret",
            "project": "medusa-dev-jkt",
            "replication": [
              {
                "auto": [
                  {
                    "customer_managed_encryption": []
                  }
                ],
                "user_managed": []
              }
            ],
            "rotation": [],
            "secret_id": "medusa-dev-cookie-secret",
            "terraform_labels": {
              "app": "medusa",
              "environment": "dev",
              "managed_by": "terraform"
            },
            "timeouts": null,
            "topics": [],
            "ttl": null,
            "version_aliases": {},
            "version_destroy_ttl": ""
          },
          "sensitive_attributes": [],
          "identity_schema_version": 0,
          "private": "eyJlMmJmYjczMC1lY2FhLTExZTYtOGY4OC0zNDM2M2JjN2M0YzAiOnsiY3JlYXRlIjoxMjAwMDAwMDAwMDAwLCJkZWxldGUiOjEyMDAwMDAwMDAwMDAsInVwZGF0ZSI6MTIwMDAwMDAwMDAwMH19",
          "dependencies": [
            "google_project_service.apis"
          ]
        },
        {
          "index_key": "database-url",
          "schema_version": 0,
          "attributes": {
            "annotations": {},
            "create_time": "2025-07-04T06:20:22.080803Z",
            "effective_annotations": {},
            "effective_labels": {
              "app": "medusa",
              "environment": "dev",
              "managed_by": "terraform"
            },
            "expire_time": "",
            "id": "projects/medusa-dev-jkt/secrets/medusa-dev-database-url",
            "labels": {
              "app": "medusa",
              "environment": "dev",
              "managed_by": "terraform"
            },
            "name": "projects/355018728030/secrets/medusa-dev-database-url",
            "project": "medusa-dev-jkt",
            "replication": [
              {
                "auto": [
                  {
                    "customer_managed_encryption": []
                  }
                ],
                "user_managed": []
              }
            ],
            "rotation": [],
            "secret_id": "medusa-dev-database-url",
            "terraform_labels": {
              "app": "medusa",
              "environment": "dev",
              "managed_by": "terraform"
            },
            "timeouts": null,
            "topics": [],
            "ttl": null,
            "version_aliases": {},
            "version_destroy_ttl": ""
          },
          "sensitive_attributes": [],
          "identity_schema_version": 0,
          "private": "eyJlMmJmYjczMC1lY2FhLTExZTYtOGY4OC0zNDM2M2JjN2M0YzAiOnsiY3JlYXRlIjoxMjAwMDAwMDAwMDAwLCJkZWxldGUiOjEyMDAwMDAwMDAwMDAsInVwZGF0ZSI6MTIwMDAwMDAwMDAwMH19",
          "dependencies": [
            "google_project_service.apis"
          ]
        },
        {
          "index_key": "jwt-secret",
          "schema_version": 0,
          "attributes": {
            "annotations": {},
            "create_time": "2025-07-04T06:20:22.084838Z",
            "effective_annotations": {},
            "effective_labels": {
              "app": "medusa",
              "environment": "dev",
              "managed_by": "terraform"
            },
            "expire_time": "",
            "id": "projects/medusa-dev-jkt/secrets/medusa-dev-jwt-secret",
            "labels": {
              "app": "medusa",
              "environment": "dev",
              "managed_by": "terraform"
            },
            "name": "projects/355018728030/secrets/medusa-dev-jwt-secret",
            "project": "medusa-dev-jkt",
            "replication": [
              {
                "auto": [
                  {
                    "customer_managed_encryption": []
                  }
                ],
                "user_managed": []
              }
            ],
            "rotation": [],
            "secret_id": "medusa-dev-jwt-secret",
            "terraform_labels": {
              "app": "medusa",
              "environment": "dev",
              "managed_by": "terraform"
            },
            "timeouts": null,
            "topics": [],
            "ttl": null,
            "version_aliases": {},
            "version_destroy_ttl": ""
          },
          "sensitive_attributes": [],
          "identity_schema_version": 0,
          "private": "eyJlMmJmYjczMC1lY2FhLTExZTYtOGY4OC0zNDM2M2JjN2M0YzAiOnsiY3JlYXRlIjoxMjAwMDAwMDAwMDAwLCJkZWxldGUiOjEyMDAwMDAwMDAwMDAsInVwZGF0ZSI6MTIwMDAwMDAwMDAwMH19",
          "dependencies": [
            "google_project_service.apis"
          ]
        },
        {
          "index_key": "redis-url",
          "schema_version": 0,
          "attributes": {
            "annotations": {},
            "create_time": "2025-07-04T06:20:22.253687Z",
            "effective_annotations": {},
            "effective_labels": {
              "app": "medusa",
              "environment": "dev",
              "managed_by": "terraform"
            },
            "expire_time": "",
            "id": "projects/medusa-dev-jkt/secrets/medusa-dev-redis-url",
            "labels": {
              "app": "medusa",
              "environment": "dev",
              "managed_by": "terraform"
            },
            "name": "projects/355018728030/secrets/medusa-dev-redis-url",
            "project": "medusa-dev-jkt",
            "replication": [
              {
                "auto": [
                  {
                    "customer_managed_encryption": []
                  }
                ],
                "user_managed": []
              }
            ],
            "rotation": [],
            "secret_id": "medusa-dev-redis-url",
            "terraform_labels": {
              "app": "medusa",
              "environment": "dev",
              "managed_by": "terraform"
            },
            "timeouts": null,
            "topics": [],
            "ttl": null,
            "version_aliases": {},
            "version_destroy_ttl": ""
          },
          "sensitive_attributes": [],
          "identity_schema_version": 0,
          "private": "eyJlMmJmYjczMC1lY2FhLTExZTYtOGY4OC0zNDM2M2JjN2M0YzAiOnsiY3JlYXRlIjoxMjAwMDAwMDAwMDAwLCJkZWxldGUiOjEyMDAwMDAwMDAwMDAsInVwZGF0ZSI6MTIwMDAwMDAwMDAwMH19",
          "dependencies": [
            "google_project_service.apis"
          ]
        }
      ]
    },
    {
      "mode": "managed",
      "type": "google_secret_manager_secret_version",
      "name": "database_url",
      "provider": "provider[\"registry.terraform.io/hashicorp/google\"]",
      "instances": [
        {
          "schema_version": 0,
          "attributes": {
            "create_time": "2025-07-04T07:10:41.832588Z",
            "deletion_policy": "DELETE",
            "destroy_time": "",
            "enabled": true,
            "id": "projects/355018728030/secrets/medusa-dev-database-url/versions/1",
            "is_secret_data_base64": false,
            "name": "projects/355018728030/secrets/medusa-dev-database-url/versions/1",
            "secret": "projects/medusa-dev-jkt/secrets/medusa-dev-database-url",
            "secret_data": "postgresql://medusa:MedusaDB2025SecurePassword!@10.47.0.3:5432/medusa",
            "timeouts": null,
            "version": "1"
          },
          "sensitive_attributes": [
            [
              {
                "type": "get_attr",
                "value": "secret_data"
              }
            ]
          ],
          "identity_schema_version": 0,
          "private": "eyJlMmJmYjczMC1lY2FhLTExZTYtOGY4OC0zNDM2M2JjN2M0YzAiOnsiY3JlYXRlIjoxMjAwMDAwMDAwMDAwLCJkZWxldGUiOjEyMDAwMDAwMDAwMDAsInVwZGF0ZSI6MTIwMDAwMDAwMDAwMH19",
          "dependencies": [
            "google_compute_global_address.private_ip_allocation",
            "google_compute_network.medusa_vpc",
            "google_project_service.apis",
            "google_secret_manager_secret.medusa_secrets",
            "google_service_networking_connection.private_vpc_connection",
            "google_sql_database.medusa_db",
            "google_sql_database_instance.medusa_postgres",
            "google_sql_user.medusa_user"
          ]
        }
      ]
    },
    {
      "mode": "managed",
      "type": "google_secret_manager_secret_version",
      "name": "redis_url",
      "provider": "provider[\"registry.terraform.io/hashicorp/google\"]",
      "instances": [
        {
          "schema_version": 0,
          "attributes": {
            "create_time": "2025-07-04T06:45:19.614458Z",
            "deletion_policy": "DELETE",
            "destroy_time": "",
            "enabled": true,
            "id": "projects/355018728030/secrets/medusa-dev-redis-url/versions/1",
            "is_secret_data_base64": false,
            "name": "projects/355018728030/secrets/medusa-dev-redis-url/versions/1",
            "secret": "projects/medusa-dev-jkt/secrets/medusa-dev-redis-url",
            "secret_data": "redis://10.170.213.147:6379",
            "timeouts": null,
            "version": "1"
          },
          "sensitive_attributes": [
            [
              {
                "type": "get_attr",
                "value": "secret_data"
              }
            ]
          ],
          "identity_schema_version": 0,
          "private": "eyJlMmJmYjczMC1lY2FhLTExZTYtOGY4OC0zNDM2M2JjN2M0YzAiOnsiY3JlYXRlIjoxMjAwMDAwMDAwMDAwLCJkZWxldGUiOjEyMDAwMDAwMDAwMDAsInVwZGF0ZSI6MTIwMDAwMDAwMDAwMH19",
          "dependencies": [
            "google_compute_network.medusa_vpc",
            "google_project_service.apis",
            "google_redis_instance.medusa_redis",
            "google_secret_manager_secret.medusa_secrets"
          ]
        }
      ]
    },
    {
      "mode": "managed",
      "type": "google_service_account",
      "name": "gke_node_sa",
      "provider": "provider[\"registry.terraform.io/hashicorp/google\"]",
      "instances": [
        {
          "schema_version": 0,
          "attributes": {
            "account_id": "medusa-dev-gke-sa",
            "create_ignore_already_exists": null,
            "description": "",
            "disabled": false,
            "display_name": "GKE Node Service Account for Medusa",
            "email": "medusa-dev-gke-sa@medusa-dev-jkt.iam.gserviceaccount.com",
            "id": "projects/medusa-dev-jkt/serviceAccounts/medusa-dev-gke-sa@medusa-dev-jkt.iam.gserviceaccount.com",
            "member": "serviceAccount:medusa-dev-gke-sa@medusa-dev-jkt.iam.gserviceaccount.com",
            "name": "projects/medusa-dev-jkt/serviceAccounts/medusa-dev-gke-sa@medusa-dev-jkt.iam.gserviceaccount.com",
            "project": "medusa-dev-jkt",
            "timeouts": null,
            "unique_id": "102621761335027458561"
          },
          "sensitive_attributes": [],
          "identity_schema_version": 0,
          "private": "eyJlMmJmYjczMC1lY2FhLTExZTYtOGY4OC0zNDM2M2JjN2M0YzAiOnsiY3JlYXRlIjozMDAwMDAwMDAwMDB9fQ=="
        }
      ]
    },
    {
      "mode": "managed",
      "type": "google_service_networking_connection",
      "name": "private_vpc_connection",
      "provider": "provider[\"registry.terraform.io/hashicorp/google\"]",
      "instances": [
        {
          "schema_version": 0,
          "attributes": {
            "deletion_policy": null,
            "id": "projects%2Fmedusa-dev-jkt%2Fglobal%2Fnetworks%2Fmedusa-dev-vpc:servicenetworking.googleapis.com",
            "network": "projects/medusa-dev-jkt/global/networks/medusa-dev-vpc",
            "peering": "servicenetworking-googleapis-com",
            "reserved_peering_ranges": [
              "medusa-dev-private-ip"
            ],
            "service": "servicenetworking.googleapis.com",
            "timeouts": null,
            "update_on_creation_fail": null
          },
          "sensitive_attributes": [],
          "identity_schema_version": 0,
          "private": "eyJlMmJmYjczMC1lY2FhLTExZTYtOGY4OC0zNDM2M2JjN2M0YzAiOnsiY3JlYXRlIjo2MDAwMDAwMDAwMDAsImRlbGV0ZSI6NjAwMDAwMDAwMDAwLCJ1cGRhdGUiOjYwMDAwMDAwMDAwMH19",
          "dependencies": [
            "google_compute_global_address.private_ip_allocation",
            "google_compute_network.medusa_vpc",
            "google_project_service.apis"
          ]
        }
      ]
    },
    {
      "mode": "managed",
      "type": "google_sql_database",
      "name": "medusa_db",
      "provider": "provider[\"registry.terraform.io/hashicorp/google\"]",
      "instances": [
        {
          "schema_version": 0,
          "attributes": {
            "charset": "UTF8",
            "collation": "en_US.UTF8",
            "deletion_policy": "DELETE",
            "id": "projects/medusa-dev-jkt/instances/medusa-dev-postgres/databases/medusa",
            "instance": "medusa-dev-postgres",
            "name": "medusa",
            "project": "medusa-dev-jkt",
            "self_link": "https://sqladmin.googleapis.com/sql/v1beta4/projects/medusa-dev-jkt/instances/medusa-dev-postgres/databases/medusa",
            "timeouts": null
          },
          "sensitive_attributes": [],
          "identity_schema_version": 0,
          "private": "eyJlMmJmYjczMC1lY2FhLTExZTYtOGY4OC0zNDM2M2JjN2M0YzAiOnsiY3JlYXRlIjoxMjAwMDAwMDAwMDAwLCJkZWxldGUiOjEyMDAwMDAwMDAwMDAsInVwZGF0ZSI6MTIwMDAwMDAwMDAwMH19",
          "dependencies": [
            "google_compute_global_address.private_ip_allocation",
            "google_compute_network.medusa_vpc",
            "google_project_service.apis",
            "google_service_networking_connection.private_vpc_connection",
            "google_sql_database_instance.medusa_postgres"
          ]
        }
      ]
    },
    {
      "mode": "managed",
      "type": "google_sql_database_instance",
      "name": "medusa_postgres",
      "provider": "provider[\"registry.terraform.io/hashicorp/google\"]",
      "instances": [
        {
          "schema_version": 0,
          "attributes": {
            "available_maintenance_versions": [],
            "clone": [],
            "connection_name": "medusa-dev-jkt:asia-southeast2:medusa-dev-postgres",
            "database_version": "POSTGRES_15",
            "deletion_protection": false,
            "dns_name": "",
            "encryption_key_name": null,
            "first_ip_address": "10.47.0.3",
            "id": "medusa-dev-postgres",
            "instance_type": "CLOUD_SQL_INSTANCE",
            "ip_address": [
              {
                "ip_address": "10.47.0.3",
                "time_to_retire": "",
                "type": "PRIVATE"
              }
            ],
            "maintenance_version": "POSTGRES_15_13.R20250302.00_31",
            "master_instance_name": "",
            "name": "medusa-dev-postgres",
            "private_ip_address": "10.47.0.3",
            "project": "medusa-dev-jkt",
            "psc_service_attachment_link": "",
            "public_ip_address": "",
            "region": "asia-southeast2",
            "replica_configuration": [],
            "restore_backup_context": [],
            "root_password": null,
            "self_link": "https://sqladmin.googleapis.com/sql/v1beta4/projects/medusa-dev-jkt/instances/medusa-dev-postgres",
            "server_ca_cert": [
              {
                "cert": "-----BEGIN CERTIFICATE-----\nMIIDfzCCAmegAwIBAgIBADANBgkqhkiG9w0BAQsFADB3MS0wKwYDVQQuEyRjOWQ3\nZTVkZC1iMTIwLTQwZDMtODE5ZS1iYzAzMzU4ZDRkZGExIzAhBgNVBAMTGkdvb2ds\nZSBDbG91ZCBTUUwgU2VydmVyIENBMRQwEgYDVQQKEwtHb29nbGUsIEluYzELMAkG\nA1UEBhMCVVMwHhcNMjUwNzA0MDY0MjM2WhcNMzUwNzAyMDY0MzM2WjB3MS0wKwYD\nVQQuEyRjOWQ3ZTVkZC1iMTIwLTQwZDMtODE5ZS1iYzAzMzU4ZDRkZGExIzAhBgNV\nBAMTGkdvb2dsZSBDbG91ZCBTUUwgU2VydmVyIENBMRQwEgYDVQQKEwtHb29nbGUs\nIEluYzELMAkGA1UEBhMCVVMwggEiMA0GCSqGSIb3DQEBAQUAA4IBDwAwggEKAoIB\nAQCulZ91Mr85Z8vNh/VII+qzI2iIZ+24jxmkG18EfnDY3U05uAY/fptyAoB/Cs/Z\nehegD2IStEPyC5iTcRQ7iRnbIjOo61x2IFBoL5TtIUviTgMTTTGm7FQVy0hbF80+\n9gHkJHCVGY6kucm2bNRXCojcVOpddkOtOPFOk6k4sjjM7f2IVLyf5vSuf/EWmpAk\nlkCAQzNIepEUgcGTSdh8sHx14GOhz/muddfWSYow22ITy+9dHnFEWpDx8a3GrmkT\nQhkDXwSIPioKR/ztEWpG7F4qnNwTtu6W9qBlAQeoj+jtlCY+knJi1qiF5SbwLqG4\n/xx0aP3NoBjRpEct0+E8q3uVAgMBAAGjFjAUMBIGA1UdEwEB/wQIMAYBAf8CAQAw\nDQYJKoZIhvcNAQELBQADggEBAHJwT3cK9AJvSyikJNGsXTxOz3UlFZoqGrsZ+2Pl\ncNKY/rZSEo+BCc/vSgSfbn8p3VMicUesVFgTDtSFILhDhVYAm8K3B4x4AVOUiQkr\nhYZoh1uCjYo+UII7aY8zVKhqCebDdYwemIc9AfsEBc5x31QWqIAlapa1iyfx2WeJ\nRz428SpVazhlJmKz9BBiPFN7LqRiK5gsWx81yG0AvY7sAFroL2Ip6J2HQzaHJfxD\nZ+28ksrXR1ci4Gs9xJrvKvJwT3y9l0V5Lmt2lkEQbT/JoGNSLBVlhD8rkI7luu9W\nrM/0iWpFqXrAJGocycqsfplhbcSvSyARyqGhNFDyekohTaw=\n-----END CERTIFICATE-----",
                "common_name": "C=US,O=Google\\, Inc,CN=Google Cloud SQL Server CA,dnQualifier=c9d7e5dd-b120-40d3-819e-bc03358d4dda",
                "create_time": "2025-07-04T06:42:36.769Z",
                "expiration_time": "2035-07-02T06:43:36.769Z",
                "sha1_fingerprint": "8734c8a34ad0286d3d8b1ce87eca045791689fd9"
              }
            ],
            "service_account_email_address": "p355018728030-j9lp67@gcp-sa-cloud-sql.iam.gserviceaccount.com",
            "settings": [
              {
                "activation_policy": "ALWAYS",
                "active_directory_config": [],
                "advanced_machine_features": [],
                "availability_type": "ZONAL",
                "backup_configuration": [
                  {
                    "backup_retention_settings": [
                      {
                        "retained_backups": 7,
                        "retention_unit": "COUNT"
                      }
                    ],
                    "binary_log_enabled": false,
                    "enabled": true,
                    "location": "",
                    "point_in_time_recovery_enabled": true,
                    "start_time": "03:00",
                    "transaction_log_retention_days": 7
                  }
                ],
                "collation": "",
                "connector_enforcement": "NOT_REQUIRED",
                "data_cache_config": [],
                "database_flags": [
                  {
                    "name": "log_checkpoints",
                    "value": "on"
                  }
                ],
                "deletion_protection_enabled": false,
                "deny_maintenance_period": [],
                "disk_autoresize": true,
                "disk_autoresize_limit": 0,
                "disk_size": 20,
                "disk_type": "PD_SSD",
                "edition": "ENTERPRISE",
                "enable_dataplex_integration": false,
                "enable_google_ml_integration": false,
                "insights_config": [],
                "ip_configuration": [
                  {
                    "allocated_ip_range": "",
                    "authorized_networks": [],
                    "enable_private_path_for_google_cloud_services": false,
                    "ipv4_enabled": false,
                    "private_network": "projects/medusa-dev-jkt/global/networks/medusa-dev-vpc",
                    "psc_config": [],
                    "require_ssl": true,
                    "server_ca_mode": "GOOGLE_MANAGED_INTERNAL_CA",
                    "ssl_mode": ""
                  }
                ],
                "location_preference": [
                  {
                    "follow_gae_application": "",
                    "secondary_zone": "",
                    "zone": "asia-southeast2-a"
                  }
                ],
                "maintenance_window": [],
                "password_validation_policy": [],
                "pricing_plan": "PER_USE",
                "sql_server_audit_config": [],
                "tier": "db-f1-micro",
                "time_zone": "",
                "user_labels": {
                  "app": "medusa",
                  "environment": "dev",
                  "managed_by": "terraform"
                },
                "version": 3
              }
            ],
            "timeouts": null
          },
          "sensitive_attributes": [
            [
              {
                "type": "get_attr",
                "value": "root_password"
              }
            ],
            [
              {
                "type": "get_attr",
                "value": "server_ca_cert"
              }
            ]
          ],
          "identity_schema_version": 0,
          "private": "eyJlMmJmYjczMC1lY2FhLTExZTYtOGY4OC0zNDM2M2JjN2M0YzAiOnsiY3JlYXRlIjo1NDAwMDAwMDAwMDAwLCJkZWxldGUiOjU0MDAwMDAwMDAwMDAsInVwZGF0ZSI6NTQwMDAwMDAwMDAwMH19",
          "dependencies": [
            "google_compute_global_address.private_ip_allocation",
            "google_compute_network.medusa_vpc",
            "google_project_service.apis",
            "google_service_networking_connection.private_vpc_connection"
          ]
        }
      ]
    },
    {
      "mode": "managed",
      "type": "google_sql_user",
      "name": "medusa_user",
      "provider": "provider[\"registry.terraform.io/hashicorp/google\"]",
      "instances": [
        {
          "schema_version": 1,
          "attributes": {
            "deletion_policy": null,
            "host": "",
            "id": "medusa//medusa-dev-postgres",
            "instance": "medusa-dev-postgres",
            "name": "medusa",
            "password": "MedusaDB2025SecurePassword!",
            "password_policy": [],
            "project": "medusa-dev-jkt",
            "sql_server_user_details": [],
            "timeouts": null,
            "type": ""
          },
          "sensitive_attributes": [
            [
              {
                "type": "get_attr",
                "value": "password"
              }
            ]
          ],
          "identity_schema_version": 0,
          "private": "eyJlMmJmYjczMC1lY2FhLTExZTYtOGY4OC0zNDM2M2JjN2M0YzAiOnsiY3JlYXRlIjo2MDAwMDAwMDAwMDAsImRlbGV0ZSI6NjAwMDAwMDAwMDAwLCJ1cGRhdGUiOjYwMDAwMDAwMDAwMH0sInNjaGVtYV92ZXJzaW9uIjoiMSJ9",
          "dependencies": [
            "google_compute_global_address.private_ip_allocation",
            "google_compute_network.medusa_vpc",
            "google_project_service.apis",
            "google_service_networking_connection.private_vpc_connection",
            "google_sql_database_instance.medusa_postgres"
          ]
        }
      ]
    },
    {
      "mode": "managed",
      "type": "google_storage_bucket",
      "name": "medusa_uploads",
      "provider": "provider[\"registry.terraform.io/hashicorp/google\"]",
      "instances": [
        {
          "schema_version": 2,
          "attributes": {
            "autoclass": [],
            "cors": [],
            "custom_placement_config": [],
            "default_event_based_hold": false,
            "effective_labels": {
              "app": "medusa",
              "environment": "dev",
              "managed_by": "terraform"
            },
            "enable_object_retention": false,
            "encryption": [],
            "force_destroy": true,
            "id": "medusa-dev-jkt-medusa-dev-uploads",
            "labels": {
              "app": "medusa",
              "environment": "dev",
              "managed_by": "terraform"
            },
            "lifecycle_rule": [
              {
                "action": [
                  {
                    "storage_class": "",
                    "type": "Delete"
                  }
                ],
                "condition": [
                  {
                    "age": 30,
                    "created_before": "",
                    "custom_time_before": "",
                    "days_since_custom_time": 0,
                    "days_since_noncurrent_time": 0,
                    "matches_prefix": [],
                    "matches_storage_class": [],
                    "matches_suffix": [],
                    "no_age": false,
                    "noncurrent_time_before": "",
                    "num_newer_versions": 0,
                    "send_age_if_zero": true,
                    "send_days_since_custom_time_if_zero": false,
                    "send_days_since_noncurrent_time_if_zero": false,
                    "send_num_newer_versions_if_zero": false,
                    "with_state": "ANY"
                  }
                ]
              }
            ],
            "location": "ASIA-SOUTHEAST2",
            "logging": [],
            "name": "medusa-dev-jkt-medusa-dev-uploads",
            "project": "medusa-dev-jkt",
            "project_number": 355018728030,
            "public_access_prevention": "inherited",
            "requester_pays": false,
            "retention_policy": [],
            "rpo": null,
            "self_link": "https://www.googleapis.com/storage/v1/b/medusa-dev-jkt-medusa-dev-uploads",
            "soft_delete_policy": [
              {
                "effective_time": "2025-07-04T06:20:14.220Z",
                "retention_duration_seconds": 604800
              }
            ],
            "storage_class": "STANDARD",
            "terraform_labels": {
              "app": "medusa",
              "environment": "dev",
              "managed_by": "terraform"
            },
            "timeouts": null,
            "uniform_bucket_level_access": true,
            "url": "gs://medusa-dev-jkt-medusa-dev-uploads",
            "versioning": [
              {
                "enabled": true
              }
            ],
            "website": []
          },
          "sensitive_attributes": [],
          "identity_schema_version": 0,
          "private": "eyJlMmJmYjczMC1lY2FhLTExZTYtOGY4OC0zNDM2M2JjN2M0YzAiOnsiY3JlYXRlIjo2MDAwMDAwMDAwMDAsInJlYWQiOjI0MDAwMDAwMDAwMCwidXBkYXRlIjoyNDAwMDAwMDAwMDB9LCJzY2hlbWFfdmVyc2lvbiI6IjIifQ=="
        }
      ]
    },
    {
      "mode": "managed",
      "type": "google_storage_bucket_iam_member",
      "name": "medusa_bucket_access",
      "provider": "provider[\"registry.terraform.io/hashicorp/google\"]",
      "instances": [
        {
          "schema_version": 0,
          "attributes": {
            "bucket": "b/medusa-dev-jkt-medusa-dev-uploads",
            "condition": [],
            "etag": "CAI=",
            "id": "b/medusa-dev-jkt-medusa-dev-uploads/roles/storage.objectAdmin/serviceAccount:medusa-dev-gke-sa@medusa-dev-jkt.iam.gserviceaccount.com",
            "member": "serviceAccount:medusa-dev-gke-sa@medusa-dev-jkt.iam.gserviceaccount.com",
            "role": "roles/storage.objectAdmin"
          },
          "sensitive_attributes": [],
          "identity_schema_version": 0,
          "private": "bnVsbA==",
          "dependencies": [
            "google_service_account.gke_node_sa",
            "google_storage_bucket.medusa_uploads"
          ]
        }
      ]
    }
  ],
  "check_results": [
    {
      "object_kind": "var",
      "config_addr": "var.labels",
      "status": "pass",
      "objects": [
        {
          "object_addr": "var.labels",
          "status": "pass"
        }
      ]
    },
    {
      "object_kind": "var",
      "config_addr": "var.postgres_tier",
      "status": "pass",
      "objects": [
        {
          "object_addr": "var.postgres_tier",
          "status": "pass"
        }
      ]
    },
    {
      "object_kind": "var",
      "config_addr": "var.storage_bucket_name",
      "status": "pass",
      "objects": [
        {
          "object_addr": "var.storage_bucket_name",
          "status": "pass"
        }
      ]
    },
    {
      "object_kind": "var",
      "config_addr": "var.node_count",
      "status": "pass",
      "objects": [
        {
          "object_addr": "var.node_count",
          "status": "pass"
        }
      ]
    },
    {
      "object_kind": "var",
      "config_addr": "var.postgres_disk_size",
      "status": "pass",
      "objects": [
        {
          "object_addr": "var.postgres_disk_size",
          "status": "pass"
        }
      ]
    },
    {
      "object_kind": "var",
      "config_addr": "var.project_id",
      "status": "pass",
      "objects": [
        {
          "object_addr": "var.project_id",
          "status": "pass"
        }
      ]
    },
    {
      "object_kind": "var",
      "config_addr": "var.environment",
      "status": "pass",
      "objects": [
        {
          "object_addr": "var.environment",
          "status": "pass"
        }
      ]
    },
    {
      "object_kind": "var",
      "config_addr": "var.backup_retention_days",
      "status": "pass",
      "objects": [
        {
          "object_addr": "var.backup_retention_days",
          "status": "pass"
        }
      ]
    },
    {
      "object_kind": "var",
      "config_addr": "var.redis_memory_size_gb",
      "status": "pass",
      "objects": [
        {
          "object_addr": "var.redis_memory_size_gb",
          "status": "pass"
        }
      ]
    },
    {
      "object_kind": "var",
      "config_addr": "var.region",
      "status": "pass",
      "objects": [
        {
          "object_addr": "var.region",
          "status": "pass"
        }
      ]
    },
    {
      "object_kind": "var",
      "config_addr": "var.zone",
      "status": "pass",
      "objects": [
        {
          "object_addr": "var.zone",
          "status": "pass"
        }
      ]
    },
    {
      "object_kind": "var",
      "config_addr": "var.node_machine_type",
      "status": "pass",
      "objects": [
        {
          "object_addr": "var.node_machine_type",
          "status": "pass"
        }
      ]
    },
    {
      "object_kind": "var",
      "config_addr": "var.db_password",
      "status": "pass",
      "objects": [
        {
          "object_addr": "var.db_password",
          "status": "pass"
        }
      ]
    }
  ]
}
